<?xml version="1.0" encoding="utf-8"?>
<Project ToolsVersion="4.0" xmlns="http://schemas.microsoft.com/developer/msbuild/2003">
  <ItemGroup>
    <Filter Include="win32">
      <UniqueIdentifier>{84a8ebd7-7cf0-47f6-b75e-d441df67da40}</UniqueIdentifier>
    </Filter>
    <Filter Include="resource">
      <UniqueIdentifier>{715254bc-d70b-4ec5-bf29-467dd3ace079}</UniqueIdentifier>
    </Filter>
    <Filter Include="src">
      <UniqueIdentifier>{bb6c862e-70e9-49d9-81b7-3829a6f50471}</UniqueIdentifier>
    </Filter>
    <Filter Include="src\GameLogic">
      <UniqueIdentifier>{21dafae2-60e3-4607-9843-da40909d3ba4}</UniqueIdentifier>
    </Filter>
    <Filter Include="src\Utils">
      <UniqueIdentifier>{280439db-97ba-48f0-9c09-a5e551ae3f38}</UniqueIdentifier>
    </Filter>
    <Filter Include="src\Scenes">
      <UniqueIdentifier>{1f83e32d-07d9-4846-9ac7-3f206d0e24aa}</UniqueIdentifier>
    </Filter>
  </ItemGroup>
  <ItemGroup>
    <ClCompile Include="main.cpp">
      <Filter>win32</Filter>
    </ClCompile>
    <ClCompile Include="..\Classes\AppDelegate.cpp">
      <Filter>src</Filter>
    </ClCompile>
    <ClCompile Include="..\Classes\Scenes\SplashScene.cpp">
      <Filter>src\Scenes</Filter>
    </ClCompile>
    <ClCompile Include="..\Classes\Scenes\GameScene.cpp">
      <Filter>src\Scenes</Filter>
    </ClCompile>
    <ClCompile Include="..\Classes\Scenes\EndingScene.cpp">
      <Filter>src\Scenes</Filter>
    </ClCompile>
    <ClCompile Include="..\Classes\Utils\b2DebugDrawLayer.cpp">
      <Filter>src\Utils</Filter>
    </ClCompile>
    <ClCompile Include="..\Classes\Utils\FileOperation.cpp">
      <Filter>src\Utils</Filter>
    </ClCompile>
    <ClCompile Include="..\Classes\Utils\GLES-Render.cpp">
      <Filter>src\Utils</Filter>
    </ClCompile>
    <ClCompile Include="..\Classes\GameLogic\contactListener.cpp">
      <Filter>src\GameLogic</Filter>
    </ClCompile>
    <ClCompile Include="..\Classes\GameLogic\enemy.cpp">
      <Filter>src\GameLogic</Filter>
    </ClCompile>
    <ClCompile Include="..\Classes\GameLogic\gameWorld.cpp">
      <Filter>src\GameLogic</Filter>
    </ClCompile>
    <ClCompile Include="..\Classes\GameLogic\physicsWorld.cpp">
      <Filter>src\GameLogic</Filter>
    </ClCompile>
    <ClCompile Include="..\Classes\GameLogic\player.cpp">
      <Filter>src\GameLogic</Filter>
    </ClCompile>
    <ClCompile Include="..\Classes\GameLogic\spaceMenuFactory.cpp">
      <Filter>src\GameLogic</Filter>
    </ClCompile>
  </ItemGroup>
  <ItemGroup>
    <ClInclude Include="main.h">
      <Filter>win32</Filter>
    </ClInclude>
    <ClInclude Include="..\Classes\AppDelegate.h">
      <Filter>src</Filter>
    </ClInclude>
    <ClInclude Include="..\Classes\Defines.h">
      <Filter>src</Filter>
    </ClInclude>
    <ClInclude Include="..\Classes\Scenes\SplashScene.h">
      <Filter>src\Scenes</Filter>
    </ClInclude>
    <ClInclude Include="..\Classes\Scenes\GameScene.h">
      <Filter>src\Scenes</Filter>
    </ClInclude>
    <ClInclude Include="..\Classes\Scenes\EndingScene.h">
      <Filter>src\Scenes</Filter>
    </ClInclude>
    <ClInclude Include="..\Classes\Utils\b2DebugDrawLayer.h">
      <Filter>src\Utils</Filter>
    </ClInclude>
    <ClInclude Include="..\Classes\Utils\FileOperation.h">
      <Filter>src\Utils</Filter>
    </ClInclude>
    <ClInclude Include="..\Classes\Utils\GLES-Render.h">
      <Filter>src\Utils</Filter>
    </ClInclude>
    <ClInclude Include="..\Classes\Utils\JSON\json.hpp">
      <Filter>src\Utils</Filter>
    </ClInclude>
    <ClInclude Include="..\Classes\Utils\PhysicsBodyEditorLoader.h">
      <Filter>src\Utils</Filter>
    </ClInclude>
    <ClInclude Include="..\Classes\GameLogic\contactListener.h">
      <Filter>src\GameLogic</Filter>
    </ClInclude>
    <ClInclude Include="..\Classes\GameLogic\enemy.h">
      <Filter>src\GameLogic</Filter>
    </ClInclude>
    <ClInclude Include="..\Classes\GameLogic\gameWorld.h">
      <Filter>src\GameLogic</Filter>
    </ClInclude>
    <ClInclude Include="..\Classes\GameLogic\physicsWorld.h">
      <Filter>src\GameLogic</Filter>
    </ClInclude>
    <ClInclude Include="..\Classes\GameLogic\player.h">
      <Filter>src\GameLogic</Filter>
    </ClInclude>
    <ClInclude Include="..\Classes\GameLogic\menuFactory.h">
      <Filter>src\GameLogic</Filter>
    </ClInclude>
    <ClInclude Include="..\Classes\GameLogic\spaceMenuFactory.h">
      <Filter>src\GameLogic</Filter>
    </ClInclude>
  </ItemGroup>
  <ItemGroup>
    <ResourceCompile Include="game.rc">
      <Filter>resource</Filter>
    </ResourceCompile>
  </ItemGroup>
</Project>